
Microsoft Visual Studio Solution File, Format Version 12.00
# Blend for Visual Studio 15
VisualStudioVersion = 15.0.26730.3
MinimumVisualStudioVersion = 10.0.40219.1
Project("{FAE04EC0-301F-11D3-BF4B-00C04F79EFBC}") = "Run1c", "WpfApp1\Run1c.csproj", "{CDB3E055-4249-4B16-A259-DB2781FAE0F3}"
EndProject
Global
	GlobalSection(SolutionConfigurationPlatforms) = preSolution
		Debug|Any CPU = Debug|Any CPU
		Release|Any CPU = Release|Any CPU
	EndGlobalSection
	GlobalSection(ProjectConfigurationPlatforms) = postSolution
		{CDB3E055-4249-4B16-A259-DB2781FAE0F3}.Debug|Any CPU.ActiveCfg = Debug|Any CPU
		{CDB3E055-4249-4B16-A259-DB2781FAE0F3}.Debug|Any CPU.Build.0 = Debug|Any CPU
		{CDB3E055-4249-4B16-A259-DB2781FAE0F3}.Release|Any CPU.ActiveCfg = Release|Any CPU
		{CDB3E055-4249-4B16-A259-DB2781FAE0F3}.Release|Any CPU.Build.0 = Release|Any CPU
	EndGlobalSection
	GlobalSection(SolutionProperties) = preSolution
		HideSolutionNode = FALSE
	EndGlobalSection
	GlobalSection(ExtensibilityGlobals) = postSolution
		SolutionGuid = {3A2B77F1-0F4D-4B34-9AD3-C31580FA482A}
	EndGlobalSection
EndGlobal
